
Microsoft Visual Studio Solution File, Format Version 12.00
# Visual Studio Version 16
VisualStudioVersion = 16.0.29728.190
MinimumVisualStudioVersion = 10.0.40219.1
Project("{9A19103F-16F7-4668-BE54-9A1E7A4F7556}") = "ExceptionTest", "ExceptionTest.csproj", "{AF4CAC11-1ED8-457C-A2F8-D8D5754234A5}"
EndProject
Project("{9A19103F-16F7-4668-BE54-9A1E7A4F7556}") = "MyException", "MyException\MyException.csproj", "{69B6DF5B-E94F-4DEC-8BEA-5061E2E7B0A5}"
EndProject
Project("{9A19103F-16F7-4668-BE54-9A1E7A4F7556}") = "NewFaetures", "NewFaetures\NewFaetures.csproj", "{67E54180-781C-4AFE-952A-318657103E7F}"
EndProject
Project("{9A19103F-16F7-4668-BE54-9A1E7A4F7556}") = "LambdaTest", "LambdaTest\LambdaTest.csproj", "{114881F1-6D93-4256-A396-F7611BB2E2DB}"
EndProject
Project("{9A19103F-16F7-4668-BE54-9A1E7A4F7556}") = "StringTest", "StringTest\StringTest.csproj", "{DA27B5B8-3DEC-4623-8AB8-CC4CFDF6C741}"
EndProject
Project("{9A19103F-16F7-4668-BE54-9A1E7A4F7556}") = "LINQTest", "LINQTest\LINQTest.csproj", "{EF917CA3-070A-4048-BF5B-9E6283A0236F}"
EndProject
Project("{9A19103F-16F7-4668-BE54-9A1E7A4F7556}") = "Sync", "Sync\Sync.csproj", "{1279EA65-D95E-4C76-A1F0-F07293D3333C}"
EndProject
Project("{9A19103F-16F7-4668-BE54-9A1E7A4F7556}") = "Async", "Async\Async.csproj", "{BD75593C-825F-44CC-A466-38223A908544}"
EndProject
Project("{9A19103F-16F7-4668-BE54-9A1E7A4F7556}") = "PrintPrimesInRanges", "PrintPrimesInRanges\PrintPrimesInRanges.csproj", "{0935FFAA-5031-4D68-97B7-BDB4AB8B8882}"
EndProject
Project("{9A19103F-16F7-4668-BE54-9A1E7A4F7556}") = "PrintPrimesInRangeAsync", "PrintPrimesInRangeAsync\PrintPrimesInRangeAsync.csproj", "{8994DC36-BCB2-4C5E-8D93-726671F7173B}"
EndProject
Project("{9A19103F-16F7-4668-BE54-9A1E7A4F7556}") = "NoThreadSafety", "NoThreadSafety\NoThreadSafety.csproj", "{05FC3822-C09E-4AC8-AF58-51B3EA9E4E5B}"
EndProject
Project("{9A19103F-16F7-4668-BE54-9A1E7A4F7556}") = "ThreadSafety", "ThreadSafety\ThreadSafety.csproj", "{BEF7B0C6-D65E-404D-BD46-4F3691F32F75}"
EndProject
Project("{9A19103F-16F7-4668-BE54-9A1E7A4F7556}") = "AsyncandAwait", "AsyncandAwait\AsyncandAwait.csproj", "{1D676E43-3417-454D-BCD9-4C8D68B6FEB4}"
EndProject
Project("{9A19103F-16F7-4668-BE54-9A1E7A4F7556}") = "ThreadandTask", "ThreadandTask\ThreadandTask.csproj", "{8364C8EE-7CDE-41D6-B730-5BECFDBD2964}"
EndProject
Project("{9A19103F-16F7-4668-BE54-9A1E7A4F7556}") = "RefoutTest", "RefoutTest\RefoutTest.csproj", "{6A074D12-4EC8-4082-BD4F-ABDEA13A4DAB}"
EndProject
Project("{9A19103F-16F7-4668-BE54-9A1E7A4F7556}") = "GenericTest", "GenericTest\GenericTest.csproj", "{4B6159B8-598C-4079-9BEC-837DF76368C3}"
EndProject
Project("{9A19103F-16F7-4668-BE54-9A1E7A4F7556}") = "IteratorTest", "IteratorTest\IteratorTest.csproj", "{A8CD156F-4757-4C17-AFDD-8B71A463C2CE}"
EndProject
Project("{9A19103F-16F7-4668-BE54-9A1E7A4F7556}") = "EventTest", "EventTest\EventTest.csproj", "{B70F65AE-55D1-454F-9246-9CD8A1873554}"
EndProject
Project("{FAE04EC0-301F-11D3-BF4B-00C04F79EFBC}") = "CodeTest", ".\CodeTest\CodeTest.csproj", "{C29E88EC-CE02-4CF5-97B3-1430245DFB24}"
EndProject
Global
	GlobalSection(SolutionConfigurationPlatforms) = preSolution
		Debug|Any CPU = Debug|Any CPU
		Debug|x86 = Debug|x86
		Release|Any CPU = Release|Any CPU
		Release|x86 = Release|x86
	EndGlobalSection
	GlobalSection(ProjectConfigurationPlatforms) = postSolution
		{AF4CAC11-1ED8-457C-A2F8-D8D5754234A5}.Debug|Any CPU.ActiveCfg = Debug|Any CPU
		{AF4CAC11-1ED8-457C-A2F8-D8D5754234A5}.Debug|Any CPU.Build.0 = Debug|Any CPU
		{AF4CAC11-1ED8-457C-A2F8-D8D5754234A5}.Debug|x86.ActiveCfg = Debug|Any CPU
		{AF4CAC11-1ED8-457C-A2F8-D8D5754234A5}.Debug|x86.Build.0 = Debug|Any CPU
		{AF4CAC11-1ED8-457C-A2F8-D8D5754234A5}.Release|Any CPU.ActiveCfg = Release|Any CPU
		{AF4CAC11-1ED8-457C-A2F8-D8D5754234A5}.Release|Any CPU.Build.0 = Release|Any CPU
		{AF4CAC11-1ED8-457C-A2F8-D8D5754234A5}.Release|x86.ActiveCfg = Release|Any CPU
		{AF4CAC11-1ED8-457C-A2F8-D8D5754234A5}.Release|x86.Build.0 = Release|Any CPU
		{69B6DF5B-E94F-4DEC-8BEA-5061E2E7B0A5}.Debug|Any CPU.ActiveCfg = Debug|Any CPU
		{69B6DF5B-E94F-4DEC-8BEA-5061E2E7B0A5}.Debug|Any CPU.Build.0 = Debug|Any CPU
		{69B6DF5B-E94F-4DEC-8BEA-5061E2E7B0A5}.Debug|x86.ActiveCfg = Debug|Any CPU
		{69B6DF5B-E94F-4DEC-8BEA-5061E2E7B0A5}.Debug|x86.Build.0 = Debug|Any CPU
		{69B6DF5B-E94F-4DEC-8BEA-5061E2E7B0A5}.Release|Any CPU.ActiveCfg = Release|Any CPU
		{69B6DF5B-E94F-4DEC-8BEA-5061E2E7B0A5}.Release|Any CPU.Build.0 = Release|Any CPU
		{69B6DF5B-E94F-4DEC-8BEA-5061E2E7B0A5}.Release|x86.ActiveCfg = Release|Any CPU
		{69B6DF5B-E94F-4DEC-8BEA-5061E2E7B0A5}.Release|x86.Build.0 = Release|Any CPU
		{67E54180-781C-4AFE-952A-318657103E7F}.Debug|Any CPU.ActiveCfg = Debug|Any CPU
		{67E54180-781C-4AFE-952A-318657103E7F}.Debug|Any CPU.Build.0 = Debug|Any CPU
		{67E54180-781C-4AFE-952A-318657103E7F}.Debug|x86.ActiveCfg = Debug|Any CPU
		{67E54180-781C-4AFE-952A-318657103E7F}.Debug|x86.Build.0 = Debug|Any CPU
		{67E54180-781C-4AFE-952A-318657103E7F}.Release|Any CPU.ActiveCfg = Release|Any CPU
		{67E54180-781C-4AFE-952A-318657103E7F}.Release|Any CPU.Build.0 = Release|Any CPU
		{67E54180-781C-4AFE-952A-318657103E7F}.Release|x86.ActiveCfg = Release|Any CPU
		{67E54180-781C-4AFE-952A-318657103E7F}.Release|x86.Build.0 = Release|Any CPU
		{114881F1-6D93-4256-A396-F7611BB2E2DB}.Debug|Any CPU.ActiveCfg = Debug|Any CPU
		{114881F1-6D93-4256-A396-F7611BB2E2DB}.Debug|Any CPU.Build.0 = Debug|Any CPU
		{114881F1-6D93-4256-A396-F7611BB2E2DB}.Debug|x86.ActiveCfg = Debug|Any CPU
		{114881F1-6D93-4256-A396-F7611BB2E2DB}.Debug|x86.Build.0 = Debug|Any CPU
		{114881F1-6D93-4256-A396-F7611BB2E2DB}.Release|Any CPU.ActiveCfg = Release|Any CPU
		{114881F1-6D93-4256-A396-F7611BB2E2DB}.Release|Any CPU.Build.0 = Release|Any CPU
		{114881F1-6D93-4256-A396-F7611BB2E2DB}.Release|x86.ActiveCfg = Release|Any CPU
		{114881F1-6D93-4256-A396-F7611BB2E2DB}.Release|x86.Build.0 = Release|Any CPU
		{DA27B5B8-3DEC-4623-8AB8-CC4CFDF6C741}.Debug|Any CPU.ActiveCfg = Debug|Any CPU
		{DA27B5B8-3DEC-4623-8AB8-CC4CFDF6C741}.Debug|Any CPU.Build.0 = Debug|Any CPU
		{DA27B5B8-3DEC-4623-8AB8-CC4CFDF6C741}.Debug|x86.ActiveCfg = Debug|Any CPU
		{DA27B5B8-3DEC-4623-8AB8-CC4CFDF6C741}.Debug|x86.Build.0 = Debug|Any CPU
		{DA27B5B8-3DEC-4623-8AB8-CC4CFDF6C741}.Release|Any CPU.ActiveCfg = Release|Any CPU
		{DA27B5B8-3DEC-4623-8AB8-CC4CFDF6C741}.Release|Any CPU.Build.0 = Release|Any CPU
		{DA27B5B8-3DEC-4623-8AB8-CC4CFDF6C741}.Release|x86.ActiveCfg = Release|Any CPU
		{DA27B5B8-3DEC-4623-8AB8-CC4CFDF6C741}.Release|x86.Build.0 = Release|Any CPU
		{EF917CA3-070A-4048-BF5B-9E6283A0236F}.Debug|Any CPU.ActiveCfg = Debug|Any CPU
		{EF917CA3-070A-4048-BF5B-9E6283A0236F}.Debug|Any CPU.Build.0 = Debug|Any CPU
		{EF917CA3-070A-4048-BF5B-9E6283A0236F}.Debug|x86.ActiveCfg = Debug|Any CPU
		{EF917CA3-070A-4048-BF5B-9E6283A0236F}.Debug|x86.Build.0 = Debug|Any CPU
		{EF917CA3-070A-4048-BF5B-9E6283A0236F}.Release|Any CPU.ActiveCfg = Release|Any CPU
		{EF917CA3-070A-4048-BF5B-9E6283A0236F}.Release|Any CPU.Build.0 = Release|Any CPU
		{EF917CA3-070A-4048-BF5B-9E6283A0236F}.Release|x86.ActiveCfg = Release|Any CPU
		{EF917CA3-070A-4048-BF5B-9E6283A0236F}.Release|x86.Build.0 = Release|Any CPU
		{1279EA65-D95E-4C76-A1F0-F07293D3333C}.Debug|Any CPU.ActiveCfg = Debug|Any CPU
		{1279EA65-D95E-4C76-A1F0-F07293D3333C}.Debug|Any CPU.Build.0 = Debug|Any CPU
		{1279EA65-D95E-4C76-A1F0-F07293D3333C}.Debug|x86.ActiveCfg = Debug|Any CPU
		{1279EA65-D95E-4C76-A1F0-F07293D3333C}.Debug|x86.Build.0 = Debug|Any CPU
		{1279EA65-D95E-4C76-A1F0-F07293D3333C}.Release|Any CPU.ActiveCfg = Release|Any CPU
		{1279EA65-D95E-4C76-A1F0-F07293D3333C}.Release|Any CPU.Build.0 = Release|Any CPU
		{1279EA65-D95E-4C76-A1F0-F07293D3333C}.Release|x86.ActiveCfg = Release|Any CPU
		{1279EA65-D95E-4C76-A1F0-F07293D3333C}.Release|x86.Build.0 = Release|Any CPU
		{BD75593C-825F-44CC-A466-38223A908544}.Debug|Any CPU.ActiveCfg = Debug|Any CPU
		{BD75593C-825F-44CC-A466-38223A908544}.Debug|Any CPU.Build.0 = Debug|Any CPU
		{BD75593C-825F-44CC-A466-38223A908544}.Debug|x86.ActiveCfg = Debug|Any CPU
		{BD75593C-825F-44CC-A466-38223A908544}.Debug|x86.Build.0 = Debug|Any CPU
		{BD75593C-825F-44CC-A466-38223A908544}.Release|Any CPU.ActiveCfg = Release|Any CPU
		{BD75593C-825F-44CC-A466-38223A908544}.Release|Any CPU.Build.0 = Release|Any CPU
		{BD75593C-825F-44CC-A466-38223A908544}.Release|x86.ActiveCfg = Release|Any CPU
		{BD75593C-825F-44CC-A466-38223A908544}.Release|x86.Build.0 = Release|Any CPU
		{0935FFAA-5031-4D68-97B7-BDB4AB8B8882}.Debug|Any CPU.ActiveCfg = Debug|Any CPU
		{0935FFAA-5031-4D68-97B7-BDB4AB8B8882}.Debug|Any CPU.Build.0 = Debug|Any CPU
		{0935FFAA-5031-4D68-97B7-BDB4AB8B8882}.Debug|x86.ActiveCfg = Debug|Any CPU
		{0935FFAA-5031-4D68-97B7-BDB4AB8B8882}.Debug|x86.Build.0 = Debug|Any CPU
		{0935FFAA-5031-4D68-97B7-BDB4AB8B8882}.Release|Any CPU.ActiveCfg = Release|Any CPU
		{0935FFAA-5031-4D68-97B7-BDB4AB8B8882}.Release|Any CPU.Build.0 = Release|Any CPU
		{0935FFAA-5031-4D68-97B7-BDB4AB8B8882}.Release|x86.ActiveCfg = Release|Any CPU
		{0935FFAA-5031-4D68-97B7-BDB4AB8B8882}.Release|x86.Build.0 = Release|Any CPU
		{8994DC36-BCB2-4C5E-8D93-726671F7173B}.Debug|Any CPU.ActiveCfg = Debug|Any CPU
		{8994DC36-BCB2-4C5E-8D93-726671F7173B}.Debug|Any CPU.Build.0 = Debug|Any CPU
		{8994DC36-BCB2-4C5E-8D93-726671F7173B}.Debug|x86.ActiveCfg = Debug|Any CPU
		{8994DC36-BCB2-4C5E-8D93-726671F7173B}.Debug|x86.Build.0 = Debug|Any CPU
		{8994DC36-BCB2-4C5E-8D93-726671F7173B}.Release|Any CPU.ActiveCfg = Release|Any CPU
		{8994DC36-BCB2-4C5E-8D93-726671F7173B}.Release|Any CPU.Build.0 = Release|Any CPU
		{8994DC36-BCB2-4C5E-8D93-726671F7173B}.Release|x86.ActiveCfg = Release|Any CPU
		{8994DC36-BCB2-4C5E-8D93-726671F7173B}.Release|x86.Build.0 = Release|Any CPU
		{05FC3822-C09E-4AC8-AF58-51B3EA9E4E5B}.Debug|Any CPU.ActiveCfg = Debug|Any CPU
		{05FC3822-C09E-4AC8-AF58-51B3EA9E4E5B}.Debug|Any CPU.Build.0 = Debug|Any CPU
		{05FC3822-C09E-4AC8-AF58-51B3EA9E4E5B}.Debug|x86.ActiveCfg = Debug|Any CPU
		{05FC3822-C09E-4AC8-AF58-51B3EA9E4E5B}.Debug|x86.Build.0 = Debug|Any CPU
		{05FC3822-C09E-4AC8-AF58-51B3EA9E4E5B}.Release|Any CPU.ActiveCfg = Release|Any CPU
		{05FC3822-C09E-4AC8-AF58-51B3EA9E4E5B}.Release|Any CPU.Build.0 = Release|Any CPU
		{05FC3822-C09E-4AC8-AF58-51B3EA9E4E5B}.Release|x86.ActiveCfg = Release|Any CPU
		{05FC3822-C09E-4AC8-AF58-51B3EA9E4E5B}.Release|x86.Build.0 = Release|Any CPU
		{BEF7B0C6-D65E-404D-BD46-4F3691F32F75}.Debug|Any CPU.ActiveCfg = Debug|Any CPU
		{BEF7B0C6-D65E-404D-BD46-4F3691F32F75}.Debug|Any CPU.Build.0 = Debug|Any CPU
		{BEF7B0C6-D65E-404D-BD46-4F3691F32F75}.Debug|x86.ActiveCfg = Debug|Any CPU
		{BEF7B0C6-D65E-404D-BD46-4F3691F32F75}.Debug|x86.Build.0 = Debug|Any CPU
		{BEF7B0C6-D65E-404D-BD46-4F3691F32F75}.Release|Any CPU.ActiveCfg = Release|Any CPU
		{BEF7B0C6-D65E-404D-BD46-4F3691F32F75}.Release|Any CPU.Build.0 = Release|Any CPU
		{BEF7B0C6-D65E-404D-BD46-4F3691F32F75}.Release|x86.ActiveCfg = Release|Any CPU
		{BEF7B0C6-D65E-404D-BD46-4F3691F32F75}.Release|x86.Build.0 = Release|Any CPU
		{1D676E43-3417-454D-BCD9-4C8D68B6FEB4}.Debug|Any CPU.ActiveCfg = Debug|Any CPU
		{1D676E43-3417-454D-BCD9-4C8D68B6FEB4}.Debug|Any CPU.Build.0 = Debug|Any CPU
		{1D676E43-3417-454D-BCD9-4C8D68B6FEB4}.Debug|x86.ActiveCfg = Debug|Any CPU
		{1D676E43-3417-454D-BCD9-4C8D68B6FEB4}.Debug|x86.Build.0 = Debug|Any CPU
		{1D676E43-3417-454D-BCD9-4C8D68B6FEB4}.Release|Any CPU.ActiveCfg = Release|Any CPU
		{1D676E43-3417-454D-BCD9-4C8D68B6FEB4}.Release|Any CPU.Build.0 = Release|Any CPU
		{1D676E43-3417-454D-BCD9-4C8D68B6FEB4}.Release|x86.ActiveCfg = Release|Any CPU
		{1D676E43-3417-454D-BCD9-4C8D68B6FEB4}.Release|x86.Build.0 = Release|Any CPU
		{8364C8EE-7CDE-41D6-B730-5BECFDBD2964}.Debug|Any CPU.ActiveCfg = Debug|Any CPU
		{8364C8EE-7CDE-41D6-B730-5BECFDBD2964}.Debug|Any CPU.Build.0 = Debug|Any CPU
		{8364C8EE-7CDE-41D6-B730-5BECFDBD2964}.Debug|x86.ActiveCfg = Debug|Any CPU
		{8364C8EE-7CDE-41D6-B730-5BECFDBD2964}.Debug|x86.Build.0 = Debug|Any CPU
		{8364C8EE-7CDE-41D6-B730-5BECFDBD2964}.Release|Any CPU.ActiveCfg = Release|Any CPU
		{8364C8EE-7CDE-41D6-B730-5BECFDBD2964}.Release|Any CPU.Build.0 = Release|Any CPU
		{8364C8EE-7CDE-41D6-B730-5BECFDBD2964}.Release|x86.ActiveCfg = Release|Any CPU
		{8364C8EE-7CDE-41D6-B730-5BECFDBD2964}.Release|x86.Build.0 = Release|Any CPU
		{6A074D12-4EC8-4082-BD4F-ABDEA13A4DAB}.Debug|Any CPU.ActiveCfg = Debug|Any CPU
		{6A074D12-4EC8-4082-BD4F-ABDEA13A4DAB}.Debug|Any CPU.Build.0 = Debug|Any CPU
		{6A074D12-4EC8-4082-BD4F-ABDEA13A4DAB}.Debug|x86.ActiveCfg = Debug|Any CPU
		{6A074D12-4EC8-4082-BD4F-ABDEA13A4DAB}.Debug|x86.Build.0 = Debug|Any CPU
		{6A074D12-4EC8-4082-BD4F-ABDEA13A4DAB}.Release|Any CPU.ActiveCfg = Release|Any CPU
		{6A074D12-4EC8-4082-BD4F-ABDEA13A4DAB}.Release|Any CPU.Build.0 = Release|Any CPU
		{6A074D12-4EC8-4082-BD4F-ABDEA13A4DAB}.Release|x86.ActiveCfg = Release|Any CPU
		{6A074D12-4EC8-4082-BD4F-ABDEA13A4DAB}.Release|x86.Build.0 = Release|Any CPU
		{4B6159B8-598C-4079-9BEC-837DF76368C3}.Debug|Any CPU.ActiveCfg = Debug|Any CPU
		{4B6159B8-598C-4079-9BEC-837DF76368C3}.Debug|Any CPU.Build.0 = Debug|Any CPU
		{4B6159B8-598C-4079-9BEC-837DF76368C3}.Debug|x86.ActiveCfg = Debug|Any CPU
		{4B6159B8-598C-4079-9BEC-837DF76368C3}.Debug|x86.Build.0 = Debug|Any CPU
		{4B6159B8-598C-4079-9BEC-837DF76368C3}.Release|Any CPU.ActiveCfg = Release|Any CPU
		{4B6159B8-598C-4079-9BEC-837DF76368C3}.Release|Any CPU.Build.0 = Release|Any CPU
		{4B6159B8-598C-4079-9BEC-837DF76368C3}.Release|x86.ActiveCfg = Release|Any CPU
		{4B6159B8-598C-4079-9BEC-837DF76368C3}.Release|x86.Build.0 = Release|Any CPU
		{A8CD156F-4757-4C17-AFDD-8B71A463C2CE}.Debug|Any CPU.ActiveCfg = Debug|Any CPU
		{A8CD156F-4757-4C17-AFDD-8B71A463C2CE}.Debug|Any CPU.Build.0 = Debug|Any CPU
		{A8CD156F-4757-4C17-AFDD-8B71A463C2CE}.Debug|x86.ActiveCfg = Debug|Any CPU
		{A8CD156F-4757-4C17-AFDD-8B71A463C2CE}.Debug|x86.Build.0 = Debug|Any CPU
		{A8CD156F-4757-4C17-AFDD-8B71A463C2CE}.Release|Any CPU.ActiveCfg = Release|Any CPU
		{A8CD156F-4757-4C17-AFDD-8B71A463C2CE}.Release|Any CPU.Build.0 = Release|Any CPU
		{A8CD156F-4757-4C17-AFDD-8B71A463C2CE}.Release|x86.ActiveCfg = Release|Any CPU
		{A8CD156F-4757-4C17-AFDD-8B71A463C2CE}.Release|x86.Build.0 = Release|Any CPU
		{B70F65AE-55D1-454F-9246-9CD8A1873554}.Debug|Any CPU.ActiveCfg = Debug|Any CPU
		{B70F65AE-55D1-454F-9246-9CD8A1873554}.Debug|Any CPU.Build.0 = Debug|Any CPU
		{B70F65AE-55D1-454F-9246-9CD8A1873554}.Debug|x86.ActiveCfg = Debug|Any CPU
		{B70F65AE-55D1-454F-9246-9CD8A1873554}.Debug|x86.Build.0 = Debug|Any CPU
		{B70F65AE-55D1-454F-9246-9CD8A1873554}.Release|Any CPU.ActiveCfg = Release|Any CPU
		{B70F65AE-55D1-454F-9246-9CD8A1873554}.Release|Any CPU.Build.0 = Release|Any CPU
		{B70F65AE-55D1-454F-9246-9CD8A1873554}.Release|x86.ActiveCfg = Release|Any CPU
		{B70F65AE-55D1-454F-9246-9CD8A1873554}.Release|x86.Build.0 = Release|Any CPU
		{C29E88EC-CE02-4CF5-97B3-1430245DFB24}.Debug|Any CPU.ActiveCfg = Debug|Any CPU
		{C29E88EC-CE02-4CF5-97B3-1430245DFB24}.Debug|Any CPU.Build.0 = Debug|Any CPU
		{C29E88EC-CE02-4CF5-97B3-1430245DFB24}.Debug|x86.ActiveCfg = Debug|Any CPU
		{C29E88EC-CE02-4CF5-97B3-1430245DFB24}.Debug|x86.Build.0 = Debug|Any CPU
		{C29E88EC-CE02-4CF5-97B3-1430245DFB24}.Release|Any CPU.ActiveCfg = Release|Any CPU
		{C29E88EC-CE02-4CF5-97B3-1430245DFB24}.Release|Any CPU.Build.0 = Release|Any CPU
		{C29E88EC-CE02-4CF5-97B3-1430245DFB24}.Release|x86.ActiveCfg = Release|Any CPU
		{C29E88EC-CE02-4CF5-97B3-1430245DFB24}.Release|x86.Build.0 = Release|Any CPU
	EndGlobalSection
	GlobalSection(SolutionProperties) = preSolution
		HideSolutionNode = FALSE
	EndGlobalSection
	GlobalSection(ExtensibilityGlobals) = postSolution
		SolutionGuid = {13FF0685-D993-4709-89DA-C615380B828B}
	EndGlobalSection
EndGlobal
